
Microsoft Visual Studio Solution File, Format Version 12.00
# Visual Studio Version 16
VisualStudioVersion = 16.0.30907.101
MinimumVisualStudioVersion = 10.0.40219.1
Project("{9A19103F-16F7-4668-BE54-9A1E7A4F7556}") = "Calabonga.Facts.Web", "Calabonga.Facts.Web\Calabonga.Facts.Web.csproj", "{356148D6-3B61-4560-87D2-6FB7FE278F23}"
EndProject
Project("{9A19103F-16F7-4668-BE54-9A1E7A4F7556}") = "Calabonga.Facts.Web.Tests", "Calabonga.Facts.Web.Tests\Calabonga.Facts.Web.Tests.csproj", "{813A928C-C72F-49CD-B95B-1B548AFC257A}"
EndProject
Project("{2150E333-8FDC-42A3-9474-1A3956D46DE8}") = "Solution Items", "Solution Items", "{B46CF823-586F-4404-96A7-576DBC55CEE3}"
	ProjectSection(SolutionItems) = preProject
		.editorconfig = .editorconfig
		..\..\README.md = ..\..\README.md
	EndProjectSection
EndProject
Project("{FAE04EC0-301F-11D3-BF4B-00C04F79EFBC}") = "Calabonga.Facts.RazorLibrary", "Calabonga.Facts.RazorLibrary\Calabonga.Facts.RazorLibrary.csproj", "{CC129A8A-CF5B-4458-ACAB-9013EA77C50B}"
EndProject
Global
	GlobalSection(SolutionConfigurationPlatforms) = preSolution
		Debug|Any CPU = Debug|Any CPU
		Release|Any CPU = Release|Any CPU
	EndGlobalSection
	GlobalSection(ProjectConfigurationPlatforms) = postSolution
		{356148D6-3B61-4560-87D2-6FB7FE278F23}.Debug|Any CPU.ActiveCfg = Debug|Any CPU
		{356148D6-3B61-4560-87D2-6FB7FE278F23}.Debug|Any CPU.Build.0 = Debug|Any CPU
		{356148D6-3B61-4560-87D2-6FB7FE278F23}.Release|Any CPU.ActiveCfg = Release|Any CPU
		{356148D6-3B61-4560-87D2-6FB7FE278F23}.Release|Any CPU.Build.0 = Release|Any CPU
		{813A928C-C72F-49CD-B95B-1B548AFC257A}.Debug|Any CPU.ActiveCfg = Debug|Any CPU
		{813A928C-C72F-49CD-B95B-1B548AFC257A}.Debug|Any CPU.Build.0 = Debug|Any CPU
		{813A928C-C72F-49CD-B95B-1B548AFC257A}.Release|Any CPU.ActiveCfg = Release|Any CPU
		{813A928C-C72F-49CD-B95B-1B548AFC257A}.Release|Any CPU.Build.0 = Release|Any CPU
		{CC129A8A-CF5B-4458-ACAB-9013EA77C50B}.Debug|Any CPU.ActiveCfg = Debug|Any CPU
		{CC129A8A-CF5B-4458-ACAB-9013EA77C50B}.Debug|Any CPU.Build.0 = Debug|Any CPU
		{CC129A8A-CF5B-4458-ACAB-9013EA77C50B}.Release|Any CPU.ActiveCfg = Release|Any CPU
		{CC129A8A-CF5B-4458-ACAB-9013EA77C50B}.Release|Any CPU.Build.0 = Release|Any CPU
	EndGlobalSection
	GlobalSection(SolutionProperties) = preSolution
		HideSolutionNode = FALSE
	EndGlobalSection
	GlobalSection(ExtensibilityGlobals) = postSolution
		SolutionGuid = {6CDA28AB-6CFF-4D01-9608-3FD48D55DB43}
	EndGlobalSection
EndGlobal
